
Microsoft Visual Studio Solution File, Format Version 12.00
# Visual Studio Version 17
VisualStudioVersion = 17.14.36518.9 d17.14
MinimumVisualStudioVersion = 10.0.40219.1
Project("{FAE04EC0-301F-11D3-BF4B-00C04F79EFBC}") = "MauiApp4", "MauiApp4.csproj", "{67162F0B-C571-4D4D-89B5-7D1B1433D589}"
EndProject
Global
	GlobalSection(SolutionConfigurationPlatforms) = preSolution
		Debug|Any CPU = Debug|Any CPU
		Release|Any CPU = Release|Any CPU
	EndGlobalSection
	GlobalSection(ProjectConfigurationPlatforms) = postSolution
		{67162F0B-C571-4D4D-89B5-7D1B1433D589}.Debug|Any CPU.ActiveCfg = Debug|Any CPU
		{67162F0B-C571-4D4D-89B5-7D1B1433D589}.Debug|Any CPU.Build.0 = Debug|Any CPU
		{67162F0B-C571-4D4D-89B5-7D1B1433D589}.Release|Any CPU.ActiveCfg = Release|Any CPU
		{67162F0B-C571-4D4D-89B5-7D1B1433D589}.Release|Any CPU.Build.0 = Release|Any CPU
	EndGlobalSection
	GlobalSection(SolutionProperties) = preSolution
		HideSolutionNode = FALSE
	EndGlobalSection
	GlobalSection(ExtensibilityGlobals) = postSolution
		SolutionGuid = {4D97D110-813B-4B85-983C-278AD4A075C4}
	EndGlobalSection
EndGlobal
