
Microsoft Visual Studio Solution File, Format Version 12.00
# Visual Studio Version 17
VisualStudioVersion = 17.14.36518.9 d17.14
MinimumVisualStudioVersion = 10.0.40219.1
Project("{FAE04EC0-301F-11D3-BF4B-00C04F79EFBC}") = "Homework8", "Homework8\Homework8.csproj", "{B1645C67-AD37-4481-82DF-FA1356AC12CE}"
EndProject
Global
	GlobalSection(SolutionConfigurationPlatforms) = preSolution
		Debug|Any CPU = Debug|Any CPU
		Release|Any CPU = Release|Any CPU
	EndGlobalSection
	GlobalSection(ProjectConfigurationPlatforms) = postSolution
		{B1645C67-AD37-4481-82DF-FA1356AC12CE}.Debug|Any CPU.ActiveCfg = Debug|Any CPU
		{B1645C67-AD37-4481-82DF-FA1356AC12CE}.Debug|Any CPU.Build.0 = Debug|Any CPU
		{B1645C67-AD37-4481-82DF-FA1356AC12CE}.Release|Any CPU.ActiveCfg = Release|Any CPU
		{B1645C67-AD37-4481-82DF-FA1356AC12CE}.Release|Any CPU.Build.0 = Release|Any CPU
	EndGlobalSection
	GlobalSection(SolutionProperties) = preSolution
		HideSolutionNode = FALSE
	EndGlobalSection
	GlobalSection(ExtensibilityGlobals) = postSolution
		SolutionGuid = {0F316629-5E0F-460F-B265-CE21908C1388}
	EndGlobalSection
EndGlobal
