
Microsoft Visual Studio Solution File, Format Version 12.00
# Visual Studio Version 17
VisualStudioVersion = 17.11.35222.181
MinimumVisualStudioVersion = 10.0.40219.1
Project("{FAE04EC0-301F-11D3-BF4B-00C04F79EFBC}") = "HelloWorld", "HelloWorld.csproj", "{0C7B5C62-2C23-453B-BAAA-2D05250A71AA}"
EndProject
Global
	GlobalSection(SolutionConfigurationPlatforms) = preSolution
		Debug|Any CPU = Debug|Any CPU
		Release|Any CPU = Release|Any CPU
	EndGlobalSection
	GlobalSection(ProjectConfigurationPlatforms) = postSolution
		{0C7B5C62-2C23-453B-BAAA-2D05250A71AA}.Debug|Any CPU.ActiveCfg = Debug|Any CPU
		{0C7B5C62-2C23-453B-BAAA-2D05250A71AA}.Debug|Any CPU.Build.0 = Debug|Any CPU
		{0C7B5C62-2C23-453B-BAAA-2D05250A71AA}.Release|Any CPU.ActiveCfg = Release|Any CPU
		{0C7B5C62-2C23-453B-BAAA-2D05250A71AA}.Release|Any CPU.Build.0 = Release|Any CPU
	EndGlobalSection
	GlobalSection(SolutionProperties) = preSolution
		HideSolutionNode = FALSE
	EndGlobalSection
	GlobalSection(ExtensibilityGlobals) = postSolution
		SolutionGuid = {40E0A1D7-6D11-4183-8C82-0D3C704DC6C8}
	EndGlobalSection
EndGlobal
