
Microsoft Visual Studio Solution File, Format Version 12.00
# Visual Studio Version 17
VisualStudioVersion = 17.14.36518.9 d17.14
MinimumVisualStudioVersion = 10.0.40219.1
Project("{FAE04EC0-301F-11D3-BF4B-00C04F79EFBC}") = "Project 3", "Project 3.csproj", "{AEDD873F-1CEF-4448-8FCF-9A568F2DCC53}"
EndProject
Global
	GlobalSection(SolutionConfigurationPlatforms) = preSolution
		Debug|Any CPU = Debug|Any CPU
		Release|Any CPU = Release|Any CPU
	EndGlobalSection
	GlobalSection(ProjectConfigurationPlatforms) = postSolution
		{AEDD873F-1CEF-4448-8FCF-9A568F2DCC53}.Debug|Any CPU.ActiveCfg = Debug|Any CPU
		{AEDD873F-1CEF-4448-8FCF-9A568F2DCC53}.Debug|Any CPU.Build.0 = Debug|Any CPU
		{AEDD873F-1CEF-4448-8FCF-9A568F2DCC53}.Release|Any CPU.ActiveCfg = Release|Any CPU
		{AEDD873F-1CEF-4448-8FCF-9A568F2DCC53}.Release|Any CPU.Build.0 = Release|Any CPU
	EndGlobalSection
	GlobalSection(SolutionProperties) = preSolution
		HideSolutionNode = FALSE
	EndGlobalSection
	GlobalSection(ExtensibilityGlobals) = postSolution
		SolutionGuid = {66BE2497-1675-4858-BDB3-BBE84EF70C9E}
	EndGlobalSection
EndGlobal
