
Microsoft Visual Studio Solution File, Format Version 12.00
# Visual Studio Version 17
VisualStudioVersion = 17.14.36518.9 d17.14
MinimumVisualStudioVersion = 10.0.40219.1
Project("{FAE04EC0-301F-11D3-BF4B-00C04F79EFBC}") = "ConsoleApp3", "ConsoleApp3.csproj", "{CF0B40E6-FD32-4EB2-B3A1-8F25FD33F620}"
EndProject
Global
	GlobalSection(SolutionConfigurationPlatforms) = preSolution
		Debug|Any CPU = Debug|Any CPU
		Release|Any CPU = Release|Any CPU
	EndGlobalSection
	GlobalSection(ProjectConfigurationPlatforms) = postSolution
		{CF0B40E6-FD32-4EB2-B3A1-8F25FD33F620}.Debug|Any CPU.ActiveCfg = Debug|Any CPU
		{CF0B40E6-FD32-4EB2-B3A1-8F25FD33F620}.Debug|Any CPU.Build.0 = Debug|Any CPU
		{CF0B40E6-FD32-4EB2-B3A1-8F25FD33F620}.Release|Any CPU.ActiveCfg = Release|Any CPU
		{CF0B40E6-FD32-4EB2-B3A1-8F25FD33F620}.Release|Any CPU.Build.0 = Release|Any CPU
	EndGlobalSection
	GlobalSection(SolutionProperties) = preSolution
		HideSolutionNode = FALSE
	EndGlobalSection
	GlobalSection(ExtensibilityGlobals) = postSolution
		SolutionGuid = {45CF8225-6605-4AE7-883F-1F4A41081405}
	EndGlobalSection
EndGlobal
